
Microsoft Visual Studio Solution File, Format Version 12.00
# Visual Studio Version 17
VisualStudioVersion = 17.0.31903.59
MinimumVisualStudioVersion = 10.0.40219.1
Project("{2150E333-8FDC-42A3-9474-1A3956D46DE8}") = "src", "src", "{13AD83AA-A754-44D9-81EA-7EE21355317A}"
EndProject
Project("{FAE04EC0-301F-11D3-BF4B-00C04F79EFBC}") = "CivDle.Core", "src\CivDle.Core\CivDle.Core.csproj", "{9E802D13-B73C-4C8F-9090-1B018C9F10F8}"
EndProject
Project("{FAE04EC0-301F-11D3-BF4B-00C04F79EFBC}") = "CivDle", "src\CivDle\CivDle.csproj", "{87CE3F88-B88D-4491-8C4E-F7F0A0BB0FFE}"
EndProject
Project("{2150E333-8FDC-42A3-9474-1A3956D46DE8}") = "tests", "tests", "{BEF0531B-DA45-4AF4-A563-EC9EC01A30EE}"
EndProject
Project("{FAE04EC0-301F-11D3-BF4B-00C04F79EFBC}") = "CivDle.Core.Tests", "tests\CivDle.Core.Tests\CivDle.Core.Tests.csproj", "{270EE043-B4A7-4EB2-9607-25DD87A21F75}"
EndProject
Project("{FAE04EC0-301F-11D3-BF4B-00C04F79EFBC}") = "CivDle.Ui.Tests", "tests\CivDle.Ui.Tests\CivDle.Ui.Tests.csproj", "{27DA0386-3A5B-40E7-9482-6ED2E2DCECA1}"
EndProject
Project("{2150E333-8FDC-42A3-9474-1A3956D46DE8}") = "tools", "tools", "{5195F1AF-3105-4DCC-A74B-EEE5B0AF48A2}"
EndProject
Project("{FAE04EC0-301F-11D3-BF4B-00C04F79EFBC}") = "CivDle.Balance", "tools\CivDle.Balance\CivDle.Balance.csproj", "{706EC3F9-C7EC-421D-9979-333720E4126E}"
EndProject
Global
	GlobalSection(SolutionConfigurationPlatforms) = preSolution
		Debug|Any CPU = Debug|Any CPU
		Release|Any CPU = Release|Any CPU
	EndGlobalSection
	GlobalSection(SolutionProperties) = preSolution
		HideSolutionNode = FALSE
	EndGlobalSection
	GlobalSection(ProjectConfigurationPlatforms) = postSolution
		{9E802D13-B73C-4C8F-9090-1B018C9F10F8}.Debug|Any CPU.ActiveCfg = Debug|Any CPU
		{9E802D13-B73C-4C8F-9090-1B018C9F10F8}.Debug|Any CPU.Build.0 = Debug|Any CPU
		{9E802D13-B73C-4C8F-9090-1B018C9F10F8}.Release|Any CPU.ActiveCfg = Release|Any CPU
		{9E802D13-B73C-4C8F-9090-1B018C9F10F8}.Release|Any CPU.Build.0 = Release|Any CPU
		{87CE3F88-B88D-4491-8C4E-F7F0A0BB0FFE}.Debug|Any CPU.ActiveCfg = Debug|Any CPU
		{87CE3F88-B88D-4491-8C4E-F7F0A0BB0FFE}.Debug|Any CPU.Build.0 = Debug|Any CPU
		{87CE3F88-B88D-4491-8C4E-F7F0A0BB0FFE}.Release|Any CPU.ActiveCfg = Release|Any CPU
		{87CE3F88-B88D-4491-8C4E-F7F0A0BB0FFE}.Release|Any CPU.Build.0 = Release|Any CPU
		{270EE043-B4A7-4EB2-9607-25DD87A21F75}.Debug|Any CPU.ActiveCfg = Debug|Any CPU
		{270EE043-B4A7-4EB2-9607-25DD87A21F75}.Debug|Any CPU.Build.0 = Debug|Any CPU
		{270EE043-B4A7-4EB2-9607-25DD87A21F75}.Release|Any CPU.ActiveCfg = Release|Any CPU
		{270EE043-B4A7-4EB2-9607-25DD87A21F75}.Release|Any CPU.Build.0 = Release|Any CPU
		{27DA0386-3A5B-40E7-9482-6ED2E2DCECA1}.Debug|Any CPU.ActiveCfg = Debug|Any CPU
		{27DA0386-3A5B-40E7-9482-6ED2E2DCECA1}.Debug|Any CPU.Build.0 = Debug|Any CPU
		{27DA0386-3A5B-40E7-9482-6ED2E2DCECA1}.Release|Any CPU.ActiveCfg = Release|Any CPU
		{27DA0386-3A5B-40E7-9482-6ED2E2DCECA1}.Release|Any CPU.Build.0 = Release|Any CPU
		{706EC3F9-C7EC-421D-9979-333720E4126E}.Debug|Any CPU.ActiveCfg = Debug|Any CPU
		{706EC3F9-C7EC-421D-9979-333720E4126E}.Debug|Any CPU.Build.0 = Debug|Any CPU
		{706EC3F9-C7EC-421D-9979-333720E4126E}.Release|Any CPU.ActiveCfg = Release|Any CPU
		{706EC3F9-C7EC-421D-9979-333720E4126E}.Release|Any CPU.Build.0 = Release|Any CPU
	EndGlobalSection
	GlobalSection(NestedProjects) = preSolution
		{9E802D13-B73C-4C8F-9090-1B018C9F10F8} = {13AD83AA-A754-44D9-81EA-7EE21355317A}
		{87CE3F88-B88D-4491-8C4E-F7F0A0BB0FFE} = {13AD83AA-A754-44D9-81EA-7EE21355317A}
		{270EE043-B4A7-4EB2-9607-25DD87A21F75} = {BEF0531B-DA45-4AF4-A563-EC9EC01A30EE}
		{27DA0386-3A5B-40E7-9482-6ED2E2DCECA1} = {BEF0531B-DA45-4AF4-A563-EC9EC01A30EE}
		{706EC3F9-C7EC-421D-9979-333720E4126E} = {5195F1AF-3105-4DCC-A74B-EEE5B0AF48A2}
	EndGlobalSection
EndGlobal
